// !$*UTF8*$!
{
	archiveVersion = 1;
	classes = {
	};
	objectVersion = 46;
	objects = {

/* Begin PBXBuildFile section */
		AD61D0831E973CE9006F2F63 /* AppDelegate.swift in Sources */ = {isa = PBXBuildFile; fileRef = AD61D0821E973CE9006F2F63 /* AppDelegate.swift */; };
		AD61D0851E973CE9006F2F63 /* ViewController.swift in Sources */ = {isa = PBXBuildFile; fileRef = AD61D0841E973CE9006F2F63 /* ViewController.swift */; };
		AD61D0881E973CE9006F2F63 /* Main.storyboard in Resources */ = {isa = PBXBuildFile; fileRef = AD61D0861E973CE9006F2F63 /* Main.storyboard */; };
		AD61D08A1E973CE9006F2F63 /* Assets.xcassets in Resources */ = {isa = PBXBuildFile; fileRef = AD61D0891E973CE9006F2F63 /* Assets.xcassets */; };
		AD61D08D1E973CE9006F2F63 /* LaunchScreen.storyboard in Resources */ = {isa = PBXBuildFile; fileRef = AD61D08B1E973CE9006F2F63 /* LaunchScreen.storyboard */; };
		AD61D0981E973CEA006F2F63 /* MotionTrackerTests.swift in Sources */ = {isa = PBXBuildFile; fileRef = AD61D0971E973CEA006F2F63 /* MotionTrackerTests.swift */; };
		AD61D0A31E973CEA006F2F63 /* MotionTrackerUITests.swift in Sources */ = {isa = PBXBuildFile; fileRef = AD61D0A21E973CEA006F2F63 /* MotionTrackerUITests.swift */; };
		AD61D0B11E973EAA006F2F63 /* GoogleService-Info.plist in Resources */ = {isa = PBXBuildFile; fileRef = AD61D0B01E973EAA006F2F63 /* GoogleService-Info.plist */; };
		C3E1B7A58148151CB4AB1FC7 /* Pods_MotionTrackerUITests.framework in Frameworks */ = {isa = PBXBuildFile; fileRef = 9A76522AC6B7372DF086186E /* Pods_MotionTrackerUITests.framework */; };
		C4E459A651B1E82980CD5D91 /* Pods_MotionTracker.framework in Frameworks */ = {isa = PBXBuildFile; fileRef = C253B30534FC79385B46A0F2 /* Pods_MotionTracker.framework */; };
		DABC96D84F000B1299B65633 /* Pods_MotionTrackerTests.framework in Frameworks */ = {isa = PBXBuildFile; fileRef = 28A1596BB290D9497356E012 /* Pods_MotionTrackerTests.framework */; };
/* End PBXBuildFile section */

/* Begin PBXContainerItemProxy section */
		AD61D0941E973CEA006F2F63 /* PBXContainerItemProxy */ = {
			isa = PBXContainerItemProxy;
			containerPortal = AD61D0771E973CE9006F2F63 /* Project object */;
			proxyType = 1;
			remoteGlobalIDString = AD61D07E1E973CE9006F2F63;
			remoteInfo = MotionTracker;
		};
		AD61D09F1E973CEA006F2F63 /* PBXContainerItemProxy */ = {
			isa = PBXContainerItemProxy;
			containerPortal = AD61D0771E973CE9006F2F63 /* Project object */;
			proxyType = 1;
			remoteGlobalIDString = AD61D07E1E973CE9006F2F63;
			remoteInfo = MotionTracker;
		};
/* End PBXContainerItemProxy section */

/* Begin PBXFileReference section */
		2695187EC322B8FC839E0CF1 /* Pods-MotionTracker.debug.xcconfig */ = {isa = PBXFileReference; includeInIndex = 1; lastKnownFileType = text.xcconfig; name = "Pods-MotionTracker.debug.xcconfig"; path = "Pods/Target Support Files/Pods-MotionTracker/Pods-MotionTracker.debug.xcconfig"; sourceTree = "<group>"; };
		28A1596BB290D9497356E012 /* Pods_MotionTrackerTests.framework */ = {isa = PBXFileReference; explicitFileType = wrapper.framework; includeInIndex = 0; path = Pods_MotionTrackerTests.framework; sourceTree = BUILT_PRODUCTS_DIR; };
		528EF66B69C74B82ACFAAD92 /* Pods-MotionTrackerUITests.release.xcconfig */ = {isa = PBXFileReference; includeInIndex = 1; lastKnownFileType = text.xcconfig; name = "Pods-MotionTrackerUITests.release.xcconfig"; path = "Pods/Target Support Files/Pods-MotionTrackerUITests/Pods-MotionTrackerUITests.release.xcconfig"; sourceTree = "<group>"; };
		8507D92A2888F485153F6726 /* Pods-MotionTrackerUITests.debug.xcconfig */ = {isa = PBXFileReference; includeInIndex = 1; lastKnownFileType = text.xcconfig; name = "Pods-MotionTrackerUITests.debug.xcconfig"; path = "Pods/Target Support Files/Pods-MotionTrackerUITests/Pods-MotionTrackerUITests.debug.xcconfig"; sourceTree = "<group>"; };
		897A6613A7B5C9BCF3C3A00C /* Pods-MotionTrackerTests.debug.xcconfig */ = {isa = PBXFileReference; includeInIndex = 1; lastKnownFileType = text.xcconfig; name = "Pods-MotionTrackerTests.debug.xcconfig"; path = "Pods/Target Support Files/Pods-MotionTrackerTests/Pods-MotionTrackerTests.debug.xcconfig"; sourceTree = "<group>"; };
		9A76522AC6B7372DF086186E /* Pods_MotionTrackerUITests.framework */ = {isa = PBXFileReference; explicitFileType = wrapper.framework; includeInIndex = 0; path = Pods_MotionTrackerUITests.framework; sourceTree = BUILT_PRODUCTS_DIR; };
		AD61D07F1E973CE9006F2F63 /* MotionTracker.app */ = {isa = PBXFileReference; explicitFileType = wrapper.application; includeInIndex = 0; path = MotionTracker.app; sourceTree = BUILT_PRODUCTS_DIR; };
		AD61D0821E973CE9006F2F63 /* AppDelegate.swift */ = {isa = PBXFileReference; lastKnownFileType = sourcecode.swift; path = AppDelegate.swift; sourceTree = "<group>"; };
		AD61D0841E973CE9006F2F63 /* ViewController.swift */ = {isa = PBXFileReference; lastKnownFileType = sourcecode.swift; path = ViewController.swift; sourceTree = "<group>"; };
		AD61D0871E973CE9006F2F63 /* Base */ = {isa = PBXFileReference; lastKnownFileType = file.storyboard; name = Base; path = Base.lproj/Main.storyboard; sourceTree = "<group>"; };
		AD61D0891E973CE9006F2F63 /* Assets.xcassets */ = {isa = PBXFileReference; lastKnownFileType = folder.assetcatalog; path = Assets.xcassets; sourceTree = "<group>"; };
		AD61D08C1E973CE9006F2F63 /* Base */ = {isa = PBXFileReference; lastKnownFileType = file.storyboard; name = Base; path = Base.lproj/LaunchScreen.storyboard; sourceTree = "<group>"; };
		AD61D08E1E973CE9006F2F63 /* Info.plist */ = {isa = PBXFileReference; lastKnownFileType = text.plist.xml; path = Info.plist; sourceTree = "<group>"; };
		AD61D0931E973CEA006F2F63 /* MotionTrackerTests.xctest */ = {isa = PBXFileReference; explicitFileType = wrapper.cfbundle; includeInIndex = 0; path = MotionTrackerTests.xctest; sourceTree = BUILT_PRODUCTS_DIR; };
		AD61D0971E973CEA006F2F63 /* MotionTrackerTests.swift */ = {isa = PBXFileReference; lastKnownFileType = sourcecode.swift; path = MotionTrackerTests.swift; sourceTree = "<group>"; };
		AD61D0991E973CEA006F2F63 /* Info.plist */ = {isa = PBXFileReference; lastKnownFileType = text.plist.xml; path = Info.plist; sourceTree = "<group>"; };
		AD61D09E1E973CEA006F2F63 /* MotionTrackerUITests.xctest */ = {isa = PBXFileReference; explicitFileType = wrapper.cfbundle; includeInIndex = 0; path = MotionTrackerUITests.xctest; sourceTree = BUILT_PRODUCTS_DIR; };
		AD61D0A21E973CEA006F2F63 /* MotionTrackerUITests.swift */ = {isa = PBXFileReference; lastKnownFileType = sourcecode.swift; path = MotionTrackerUITests.swift; sourceTree = "<group>"; };
		AD61D0A41E973CEA006F2F63 /* Info.plist */ = {isa = PBXFileReference; lastKnownFileType = text.plist.xml; path = Info.plist; sourceTree = "<group>"; };
		AD61D0B01E973EAA006F2F63 /* GoogleService-Info.plist */ = {isa = PBXFileReference; fileEncoding = 4; lastKnownFileType = text.plist.xml; path = "GoogleService-Info.plist"; sourceTree = "<group>"; };
		C253B30534FC79385B46A0F2 /* Pods_MotionTracker.framework */ = {isa = PBXFileReference; explicitFileType = wrapper.framework; includeInIndex = 0; path = Pods_MotionTracker.framework; sourceTree = BUILT_PRODUCTS_DIR; };
		ED9E5C3ABCAD982CE1092DE2 /* Pods-MotionTracker.release.xcconfig */ = {isa = PBXFileReference; includeInIndex = 1; lastKnownFileType = text.xcconfig; name = "Pods-MotionTracker.release.xcconfig"; path = "Pods/Target Support Files/Pods-MotionTracker/Pods-MotionTracker.release.xcconfig"; sourceTree = "<group>"; };
		F3000941C78E2AB81D30DC2F /* Pods-MotionTrackerTests.release.xcconfig */ = {isa = PBXFileReference; includeInIndex = 1; lastKnownFileType = text.xcconfig; name = "Pods-MotionTrackerTests.release.xcconfig"; path = "Pods/Target Support Files/Pods-MotionTrackerTests/Pods-MotionTrackerTests.release.xcconfig"; sourceTree = "<group>"; };
/* End PBXFileReference section */

/* Begin PBXFrameworksBuildPhase section */
		AD61D07C1E973CE9006F2F63 /* Frameworks */ = {
			isa = PBXFrameworksBuildPhase;
			buildActionMask = 2147483647;
			files = (
				C4E459A651B1E82980CD5D91 /* Pods_MotionTracker.framework in Frameworks */,
			);
			runOnlyForDeploymentPostprocessing = 0;
		};
		AD61D0901E973CEA006F2F63 /* Frameworks */ = {
			isa = PBXFrameworksBuildPhase;
			buildActionMask = 2147483647;
			files = (
				DABC96D84F000B1299B65633 /* Pods_MotionTrackerTests.framework in Frameworks */,
			);
			runOnlyForDeploymentPostprocessing = 0;
		};
		AD61D09B1E973CEA006F2F63 /* Frameworks */ = {
			isa = PBXFrameworksBuildPhase;
			buildActionMask = 2147483647;
			files = (
				C3E1B7A58148151CB4AB1FC7 /* Pods_MotionTrackerUITests.framework in Frameworks */,
			);
			runOnlyForDeploymentPostprocessing = 0;
		};
/* End PBXFrameworksBuildPhase section */

/* Begin PBXGroup section */
		8A8133F55AB35921AAB7C09B /* Frameworks */ = {
			isa = PBXGroup;
			children = (
				C253B30534FC79385B46A0F2 /* Pods_MotionTracker.framework */,
				28A1596BB290D9497356E012 /* Pods_MotionTrackerTests.framework */,
				9A76522AC6B7372DF086186E /* Pods_MotionTrackerUITests.framework */,
			);
			name = Frameworks;
			sourceTree = "<group>";
		};
		AD61D0761E973CE9006F2F63 = {
			isa = PBXGroup;
			children = (
				AD61D0811E973CE9006F2F63 /* MotionTracker */,
				AD61D0961E973CEA006F2F63 /* MotionTrackerTests */,
				AD61D0A11E973CEA006F2F63 /* MotionTrackerUITests */,
				AD61D0801E973CE9006F2F63 /* Products */,
				D0F15D0A073663B91C927781 /* Pods */,
				8A8133F55AB35921AAB7C09B /* Frameworks */,
			);
			sourceTree = "<group>";
		};
		AD61D0801E973CE9006F2F63 /* Products */ = {
			isa = PBXGroup;
			children = (
				AD61D07F1E973CE9006F2F63 /* MotionTracker.app */,
				AD61D0931E973CEA006F2F63 /* MotionTrackerTests.xctest */,
				AD61D09E1E973CEA006F2F63 /* MotionTrackerUITests.xctest */,
			);
			name = Products;
			sourceTree = "<group>";
		};
		AD61D0811E973CE9006F2F63 /* MotionTracker */ = {
			isa = PBXGroup;
			children = (
				AD61D0821E973CE9006F2F63 /* AppDelegate.swift */,
				AD61D0841E973CE9006F2F63 /* ViewController.swift */,
				AD61D0861E973CE9006F2F63 /* Main.storyboard */,
				AD61D0891E973CE9006F2F63 /* Assets.xcassets */,
				AD61D08B1E973CE9006F2F63 /* LaunchScreen.storyboard */,
				AD61D0B01E973EAA006F2F63 /* GoogleService-Info.plist */,
				AD61D08E1E973CE9006F2F63 /* Info.plist */,
			);
			path = MotionTracker;
			sourceTree = "<group>";
		};
		AD61D0961E973CEA006F2F63 /* MotionTrackerTests */ = {
			isa = PBXGroup;
			children = (
				AD61D0971E973CEA006F2F63 /* MotionTrackerTests.swift */,
				AD61D0991E973CEA006F2F63 /* Info.plist */,
			);
			path = MotionTrackerTests;
			sourceTree = "<group>";
		};
		AD61D0A11E973CEA006F2F63 /* MotionTrackerUITests */ = {
			isa = PBXGroup;
			children = (
				AD61D0A21E973CEA006F2F63 /* MotionTrackerUITests.swift */,
				AD61D0A41E973CEA006F2F63 /* Info.plist */,
			);
			path = MotionTrackerUITests;
			sourceTree = "<group>";
		};
		D0F15D0A073663B91C927781 /* Pods */ = {
			isa = PBXGroup;
			children = (
				2695187EC322B8FC839E0CF1 /* Pods-MotionTracker.debug.xcconfig */,
				ED9E5C3ABCAD982CE1092DE2 /* Pods-MotionTracker.release.xcconfig */,
				897A6613A7B5C9BCF3C3A00C /* Pods-MotionTrackerTests.debug.xcconfig */,
				F3000941C78E2AB81D30DC2F /* Pods-MotionTrackerTests.release.xcconfig */,
				8507D92A2888F485153F6726 /* Pods-MotionTrackerUITests.debug.xcconfig */,
				528EF66B69C74B82ACFAAD92 /* Pods-MotionTrackerUITests.release.xcconfig */,
			);
			name = Pods;
			sourceTree = "<group>";
		};
/* End PBXGroup section */

/* Begin PBXNativeTarget section */
		AD61D07E1E973CE9006F2F63 /* MotionTracker */ = {
			isa = PBXNativeTarget;
			buildConfigurationList = AD61D0A71E973CEA006F2F63 /* Build configuration list for PBXNativeTarget "MotionTracker" */;
			buildPhases = (
				8EE3A971355257787592B46D /* [CP] Check Pods Manifest.lock */,
				AD61D07B1E973CE9006F2F63 /* Sources */,
				AD61D07C1E973CE9006F2F63 /* Frameworks */,
				AD61D07D1E973CE9006F2F63 /* Resources */,
				7598E6B332010FE2B185272B /* [CP] Embed Pods Frameworks */,
				336A849DC133F3A82415CD7A /* [CP] Copy Pods Resources */,
			);
			buildRules = (
			);
			dependencies = (
			);
			name = MotionTracker;
			productName = MotionTracker;
			productReference = AD61D07F1E973CE9006F2F63 /* MotionTracker.app */;
			productType = "com.apple.product-type.application";
		};
		AD61D0921E973CEA006F2F63 /* MotionTrackerTests */ = {
			isa = PBXNativeTarget;
			buildConfigurationList = AD61D0AA1E973CEA006F2F63 /* Build configuration list for PBXNativeTarget "MotionTrackerTests" */;
			buildPhases = (
				3E25B064A63D923BA8F73D38 /* [CP] Check Pods Manifest.lock */,
				AD61D08F1E973CEA006F2F63 /* Sources */,
				AD61D0901E973CEA006F2F63 /* Frameworks */,
				AD61D0911E973CEA006F2F63 /* Resources */,
				948C56B506C382CF8F4441A8 /* [CP] Embed Pods Frameworks */,
				554A17C0ECC244143B7696DB /* [CP] Copy Pods Resources */,
			);
			buildRules = (
			);
			dependencies = (
				AD61D0951E973CEA006F2F63 /* PBXTargetDependency */,
			);
			name = MotionTrackerTests;
			productName = MotionTrackerTests;
			productReference = AD61D0931E973CEA006F2F63 /* MotionTrackerTests.xctest */;
			productType = "com.apple.product-type.bundle.unit-test";
		};
		AD61D09D1E973CEA006F2F63 /* MotionTrackerUITests */ = {
			isa = PBXNativeTarget;
			buildConfigurationList = AD61D0AD1E973CEA006F2F63 /* Build configuration list for PBXNativeTarget "MotionTrackerUITests" */;
			buildPhases = (
				82F62CE3D649B63D6B17EACA /* [CP] Check Pods Manifest.lock */,
				AD61D09A1E973CEA006F2F63 /* Sources */,
				AD61D09B1E973CEA006F2F63 /* Frameworks */,
				AD61D09C1E973CEA006F2F63 /* Resources */,
				8F2B9D62D3265A3DA93C7A38 /* [CP] Copy Pods Resources */,
			);
			buildRules = (
			);
			dependencies = (
				AD61D0A01E973CEA006F2F63 /* PBXTargetDependency */,
			);
			name = MotionTrackerUITests;
			productName = MotionTrackerUITests;
			productReference = AD61D09E1E973CEA006F2F63 /* MotionTrackerUITests.xctest */;
			productType = "com.apple.product-type.bundle.ui-testing";
		};
/* End PBXNativeTarget section */

/* Begin PBXProject section */
		AD61D0771E973CE9006F2F63 /* Project object */ = {
			isa = PBXProject;
			attributes = {
				LastSwiftUpdateCheck = 0820;
				LastUpgradeCheck = 0820;
				ORGANIZATIONNAME = "Joy Hsu";
				TargetAttributes = {
					AD61D07E1E973CE9006F2F63 = {
						CreatedOnToolsVersion = 8.2.1;
						DevelopmentTeam = 9DELG42W9Z;
						ProvisioningStyle = Automatic;
					};
					AD61D0921E973CEA006F2F63 = {
						CreatedOnToolsVersion = 8.2.1;
						DevelopmentTeam = 9DELG42W9Z;
						ProvisioningStyle = Automatic;
						TestTargetID = AD61D07E1E973CE9006F2F63;
					};
					AD61D09D1E973CEA006F2F63 = {
						CreatedOnToolsVersion = 8.2.1;
						DevelopmentTeam = 9DELG42W9Z;
						ProvisioningStyle = Automatic;
						TestTargetID = AD61D07E1E973CE9006F2F63;
					};
				};
			};
			buildConfigurationList = AD61D07A1E973CE9006F2F63 /* Build configuration list for PBXProject "MotionTracker" */;
			compatibilityVersion = "Xcode 3.2";
			developmentRegion = English;
			hasScannedForEncodings = 0;
			knownRegions = (
				en,
				Base,
			);
			mainGroup = AD61D0761E973CE9006F2F63;
			productRefGroup = AD61D0801E973CE9006F2F63 /* Products */;
			projectDirPath = "";
			projectRoot = "";
			targets = (
				AD61D07E1E973CE9006F2F63 /* MotionTracker */,
				AD61D0921E973CEA006F2F63 /* MotionTrackerTests */,
				AD61D09D1E973CEA006F2F63 /* MotionTrackerUITests */,
			);
		};
/* End PBXProject section */

/* Begin PBXResourcesBuildPhase section */
		AD61D07D1E973CE9006F2F63 /* Resources */ = {
			isa = PBXResourcesBuildPhase;
			buildActionMask = 2147483647;
			files = (
				AD61D08D1E973CE9006F2F63 /* LaunchScreen.storyboard in Resources */,
				AD61D0B11E973EAA006F2F63 /* GoogleService-Info.plist in Resources */,
				AD61D08A1E973CE9006F2F63 /* Assets.xcassets in Resources */,
				AD61D0881E973CE9006F2F63 /* Main.storyboard in Resources */,
			);
			runOnlyForDeploymentPostprocessing = 0;
		};
		AD61D0911E973CEA006F2F63 /* Resources */ = {
			isa = PBXResourcesBuildPhase;
			buildActionMask = 2147483647;
			files = (
			);
			runOnlyForDeploymentPostprocessing = 0;
		};
		AD61D09C1E973CEA006F2F63 /* Resources */ = {
			isa = PBXResourcesBuildPhase;
			buildActionMask = 2147483647;
			files = (
			);
			runOnlyForDeploymentPostprocessing = 0;
		};
/* End PBXResourcesBuildPhase section */

/* Begin PBXShellScriptBuildPhase section */
		336A849DC133F3A82415CD7A /* [CP] Copy Pods Resources */ = {
			isa = PBXShellScriptBuildPhase;
			buildActionMask = 2147483647;
			files = (
			);
			inputPaths = (
			);
			name = "[CP] Copy Pods Resources";
			outputPaths = (
			);
			runOnlyForDeploymentPostprocessing = 0;
			shellPath = /bin/sh;
			shellScript = "\"${SRCROOT}/Pods/Target Support Files/Pods-MotionTracker/Pods-MotionTracker-resources.sh\"\n";
			showEnvVarsInLog = 0;
		};
		3E25B064A63D923BA8F73D38 /* [CP] Check Pods Manifest.lock */ = {
			isa = PBXShellScriptBuildPhase;
			buildActionMask = 2147483647;
			files = (
			);
			inputPaths = (
			);
			name = "[CP] Check Pods Manifest.lock";
			outputPaths = (
			);
			runOnlyForDeploymentPostprocessing = 0;
			shellPath = /bin/sh;
			shellScript = "diff \"${PODS_ROOT}/../Podfile.lock\" \"${PODS_ROOT}/Manifest.lock\" > /dev/null\nif [[ $? != 0 ]] ; then\n    cat << EOM\nerror: The sandbox is not in sync with the Podfile.lock. Run 'pod install' or update your CocoaPods installation.\nEOM\n    exit 1\nfi\n";
			showEnvVarsInLog = 0;
		};
		554A17C0ECC244143B7696DB /* [CP] Copy Pods Resources */ = {
			isa = PBXShellScriptBuildPhase;
			buildActionMask = 2147483647;
			files = (
			);
			inputPaths = (
			);
			name = "[CP] Copy Pods Resources";
			outputPaths = (
			);
			runOnlyForDeploymentPostprocessing = 0;
			shellPath = /bin/sh;
			shellScript = "\"${SRCROOT}/Pods/Target Support Files/Pods-MotionTrackerTests/Pods-MotionTrackerTests-resources.sh\"\n";
			showEnvVarsInLog = 0;
		};
		7598E6B332010FE2B185272B /* [CP] Embed Pods Frameworks */ = {
			isa = PBXShellScriptBuildPhase;
			buildActionMask = 2147483647;
			files = (
			);
			inputPaths = (
			);
			name = "[CP] Embed Pods Frameworks";
			outputPaths = (
			);
			runOnlyForDeploymentPostprocessing = 0;
			shellPath = /bin/sh;
			shellScript = "\"${SRCROOT}/Pods/Target Support Files/Pods-MotionTracker/Pods-MotionTracker-frameworks.sh\"\n";
			showEnvVarsInLog = 0;
		};
		82F62CE3D649B63D6B17EACA /* [CP] Check Pods Manifest.lock */ = {
			isa = PBXShellScriptBuildPhase;
			buildActionMask = 2147483647;
			files = (
			);
			inputPaths = (
			);
			name = "[CP] Check Pods Manifest.lock";
			outputPaths = (
			);
			runOnlyForDeploymentPostprocessing = 0;
			shellPath = /bin/sh;
			shellScript = "diff \"${PODS_ROOT}/../Podfile.lock\" \"${PODS_ROOT}/Manifest.lock\" > /dev/null\nif [[ $? != 0 ]] ; then\n    cat << EOM\nerror: The sandbox is not in sync with the Podfile.lock. Run 'pod install' or update your CocoaPods installation.\nEOM\n    exit 1\nfi\n";
			showEnvVarsInLog = 0;
		};
		8EE3A971355257787592B46D /* [CP] Check Pods Manifest.lock */ = {
			isa = PBXShellScriptBuildPhase;
			buildActionMask = 2147483647;
			files = (
			);
			inputPaths = (
			);
			name = "[CP] Check Pods Manifest.lock";
			outputPaths = (
			);
			runOnlyForDeploymentPostprocessing = 0;
			shellPath = /bin/sh;
			shellScript = "diff \"${PODS_ROOT}/../Podfile.lock\" \"${PODS_ROOT}/Manifest.lock\" > /dev/null\nif [[ $? != 0 ]] ; then\n    cat << EOM\nerror: The sandbox is not in sync with the Podfile.lock. Run 'pod install' or update your CocoaPods installation.\nEOM\n    exit 1\nfi\n";
			showEnvVarsInLog = 0;
		};
		8F2B9D62D3265A3DA93C7A38 /* [CP] Copy Pods Resources */ = {
			isa = PBXShellScriptBuildPhase;
			buildActionMask = 2147483647;
			files = (
			);
			inputPaths = (
			);
			name = "[CP] Copy Pods Resources";
			outputPaths = (
			);
			runOnlyForDeploymentPostprocessing = 0;
			shellPath = /bin/sh;
			shellScript = "\"${SRCROOT}/Pods/Target Support Files/Pods-MotionTrackerUITests/Pods-MotionTrackerUITests-resources.sh\"\n";
			showEnvVarsInLog = 0;
		};
		948C56B506C382CF8F4441A8 /* [CP] Embed Pods Frameworks */ = {
			isa = PBXShellScriptBuildPhase;
			buildActionMask = 2147483647;
			files = (
			);
			inputPaths = (
			);
			name = "[CP] Embed Pods Frameworks";
			outputPaths = (
			);
			runOnlyForDeploymentPostprocessing = 0;
			shellPath = /bin/sh;
			shellScript = "\"${SRCROOT}/Pods/Target Support Files/Pods-MotionTrackerTests/Pods-MotionTrackerTests-frameworks.sh\"\n";
			showEnvVarsInLog = 0;
		};
/* End PBXShellScriptBuildPhase section */

/* Begin PBXSourcesBuildPhase section */
		AD61D07B1E973CE9006F2F63 /* Sources */ = {
			isa = PBXSourcesBuildPhase;
			buildActionMask = 2147483647;
			files = (
				AD61D0851E973CE9006F2F63 /* ViewController.swift in Sources */,
				AD61D0831E973CE9006F2F63 /* AppDelegate.swift in Sources */,
			);
			runOnlyForDeploymentPostprocessing = 0;
		};
		AD61D08F1E973CEA006F2F63 /* Sources */ = {
			isa = PBXSourcesBuildPhase;
			buildActionMask = 2147483647;
			files = (
				AD61D0981E973CEA006F2F63 /* MotionTrackerTests.swift in Sources */,
			);
			runOnlyForDeploymentPostprocessing = 0;
		};
		AD61D09A1E973CEA006F2F63 /* Sources */ = {
			isa = PBXSourcesBuildPhase;
			buildActionMask = 2147483647;
			files = (
				AD61D0A31E973CEA006F2F63 /* MotionTrackerUITests.swift in Sources */,
			);
			runOnlyForDeploymentPostprocessing = 0;
		};
/* End PBXSourcesBuildPhase section */

/* Begin PBXTargetDependency section */
		AD61D0951E973CEA006F2F63 /* PBXTargetDependency */ = {
			isa = PBXTargetDependency;
			target = AD61D07E1E973CE9006F2F63 /* MotionTracker */;
			targetProxy = AD61D0941E973CEA006F2F63 /* PBXContainerItemProxy */;
		};
		AD61D0A01E973CEA006F2F63 /* PBXTargetDependency */ = {
			isa = PBXTargetDependency;
			target = AD61D07E1E973CE9006F2F63 /* MotionTracker */;
			targetProxy = AD61D09F1E973CEA006F2F63 /* PBXContainerItemProxy */;
		};
/* End PBXTargetDependency section */

/* Begin PBXVariantGroup section */
		AD61D0861E973CE9006F2F63 /* Main.storyboard */ = {
			isa = PBXVariantGroup;
			children = (
				AD61D0871E973CE9006F2F63 /* Base */,
			);
			name = Main.storyboard;
			sourceTree = "<group>";
		};
		AD61D08B1E973CE9006F2F63 /* LaunchScreen.storyboard */ = {
			isa = PBXVariantGroup;
			children = (
				AD61D08C1E973CE9006F2F63 /* Base */,
			);
			name = LaunchScreen.storyboard;
			sourceTree = "<group>";
		};
/* End PBXVariantGroup section */

/* Begin XCBuildConfiguration section */
		AD61D0A51E973CEA006F2F63 /* Debug */ = {
			isa = XCBuildConfiguration;
			buildSettings = {
				ALWAYS_SEARCH_USER_PATHS = NO;
				CLANG_ANALYZER_NONNULL = YES;
				CLANG_CXX_LANGUAGE_STANDARD = "gnu++0x";
				CLANG_CXX_LIBRARY = "libc++";
				CLANG_ENABLE_MODULES = YES;
				CLANG_ENABLE_OBJC_ARC = YES;
				CLANG_WARN_BOOL_CONVERSION = YES;
				CLANG_WARN_CONSTANT_CONVERSION = YES;
				CLANG_WARN_DIRECT_OBJC_ISA_USAGE = YES_ERROR;
				CLANG_WARN_DOCUMENTATION_COMMENTS = YES;
				CLANG_WARN_EMPTY_BODY = YES;
				CLANG_WARN_ENUM_CONVERSION = YES;
				CLANG_WARN_INFINITE_RECURSION = YES;
				CLANG_WARN_INT_CONVERSION = YES;
				CLANG_WARN_OBJC_ROOT_CLASS = YES_ERROR;
				CLANG_WARN_SUSPICIOUS_MOVE = YES;
				CLANG_WARN_UNREACHABLE_CODE = YES;
				CLANG_WARN__DUPLICATE_METHOD_MATCH = YES;
				"CODE_SIGN_IDENTITY[sdk=iphoneos*]" = "iPhone Developer";
				COPY_PHASE_STRIP = NO;
				DEBUG_INFORMATION_FORMAT = dwarf;
				ENABLE_STRICT_OBJC_MSGSEND = YES;
				ENABLE_TESTABILITY = YES;
				GCC_C_LANGUAGE_STANDARD = gnu99;
				GCC_DYNAMIC_NO_PIC = NO;
				GCC_NO_COMMON_BLOCKS = YES;
				GCC_OPTIMIZATION_LEVEL = 0;
				GCC_PREPROCESSOR_DEFINITIONS = (
					"DEBUG=1",
					"$(inherited)",
				);
				GCC_WARN_64_TO_32_BIT_CONVERSION = YES;
				GCC_WARN_ABOUT_RETURN_TYPE = YES_ERROR;
				GCC_WARN_UNDECLARED_SELECTOR = YES;
				GCC_WARN_UNINITIALIZED_AUTOS = YES_AGGRESSIVE;
				GCC_WARN_UNUSED_FUNCTION = YES;
				GCC_WARN_UNUSED_VARIABLE = YES;
				IPHONEOS_DEPLOYMENT_TARGET = 10.2;
				MTL_ENABLE_DEBUG_INFO = YES;
				ONLY_ACTIVE_ARCH = YES;
				SDKROOT = iphoneos;
				SWIFT_ACTIVE_COMPILATION_CONDITIONS = DEBUG;
				SWIFT_OPTIMIZATION_LEVEL = "-Onone";
				TARGETED_DEVICE_FAMILY = "1,2";
			};
			name = Debug;
		};
		AD61D0A61E973CEA006F2F63 /* Release */ = {
			isa = XCBuildConfiguration;
			buildSettings = {
				ALWAYS_SEARCH_USER_PATHS = NO;
				CLANG_ANALYZER_NONNULL = YES;
				CLANG_CXX_LANGUAGE_STANDARD = "gnu++0x";
				CLANG_CXX_LIBRARY = "libc++";
				CLANG_ENABLE_MODULES = YES;
				CLANG_ENABLE_OBJC_ARC = YES;
				CLANG_WARN_BOOL_CONVERSION = YES;
				CLANG_WARN_CONSTANT_CONVERSION = YES;
				CLANG_WARN_DIRECT_OBJC_ISA_USAGE = YES_ERROR;
				CLANG_WARN_DOCUMENTATION_COMMENTS = YES;
				CLANG_WARN_EMPTY_BODY = YES;
				CLANG_WARN_ENUM_CONVERSION = YES;
				CLANG_WARN_INFINITE_RECURSION = YES;
				CLANG_WARN_INT_CONVERSION = YES;
				CLANG_WARN_OBJC_ROOT_CLASS = YES_ERROR;
				CLANG_WARN_SUSPICIOUS_MOVE = YES;
				CLANG_WARN_UNREACHABLE_CODE = YES;
				CLANG_WARN__DUPLICATE_METHOD_MATCH = YES;
				"CODE_SIGN_IDENTITY[sdk=iphoneos*]" = "iPhone Developer";
				COPY_PHASE_STRIP = NO;
				DEBUG_INFORMATION_FORMAT = "dwarf-with-dsym";
				ENABLE_NS_ASSERTIONS = NO;
				ENABLE_STRICT_OBJC_MSGSEND = YES;
				GCC_C_LANGUAGE_STANDARD = gnu99;
				GCC_NO_COMMON_BLOCKS = YES;
				GCC_WARN_64_TO_32_BIT_CONVERSION = YES;
				GCC_WARN_ABOUT_RETURN_TYPE = YES_ERROR;
				GCC_WARN_UNDECLARED_SELECTOR = YES;
				GCC_WARN_UNINITIALIZED_AUTOS = YES_AGGRESSIVE;
				GCC_WARN_UNUSED_FUNCTION = YES;
				GCC_WARN_UNUSED_VARIABLE = YES;
				IPHONEOS_DEPLOYMENT_TARGET = 10.2;
				MTL_ENABLE_DEBUG_INFO = NO;
				SDKROOT = iphoneos;
				SWIFT_OPTIMIZATION_LEVEL = "-Owholemodule";
				TARGETED_DEVICE_FAMILY = "1,2";
				VALIDATE_PRODUCT = YES;
			};
			name = Release;
		};
		AD61D0A81E973CEA006F2F63 /* Debug */ = {
			isa = XCBuildConfiguration;
			baseConfigurationReference = 2695187EC322B8FC839E0CF1 /* Pods-MotionTracker.debug.xcconfig */;
			buildSettings = {
				ASSETCATALOG_COMPILER_APPICON_NAME = AppIcon;
				DEVELOPMENT_TEAM = 9DELG42W9Z;
				INFOPLIST_FILE = MotionTracker/Info.plist;
				LD_RUNPATH_SEARCH_PATHS = "$(inherited) @executable_path/Frameworks";
				PRODUCT_BUNDLE_IDENTIFIER = joyhsu.MotionTracker;
				PRODUCT_NAME = "$(TARGET_NAME)";
				SWIFT_VERSION = 3.0;
			};
			name = Debug;
		};
		AD61D0A91E973CEA006F2F63 /* Release */ = {
			isa = XCBuildConfiguration;
			baseConfigurationReference = ED9E5C3ABCAD982CE1092DE2 /* Pods-MotionTracker.release.xcconfig */;
			buildSettings = {
				ASSETCATALOG_COMPILER_APPICON_NAME = AppIcon;
				DEVELOPMENT_TEAM = 9DELG42W9Z;
				INFOPLIST_FILE = MotionTracker/Info.plist;
				LD_RUNPATH_SEARCH_PATHS = "$(inherited) @executable_path/Frameworks";
				PRODUCT_BUNDLE_IDENTIFIER = joyhsu.MotionTracker;
				PRODUCT_NAME = "$(TARGET_NAME)";
				SWIFT_VERSION = 3.0;
			};
			name = Release;
		};
		AD61D0AB1E973CEA006F2F63 /* Debug */ = {
			isa = XCBuildConfiguration;
			baseConfigurationReference = 897A6613A7B5C9BCF3C3A00C /* Pods-MotionTrackerTests.debug.xcconfig */;
			buildSettings = {
				ALWAYS_EMBED_SWIFT_STANDARD_LIBRARIES = YES;
				BUNDLE_LOADER = "$(TEST_HOST)";
				DEVELOPMENT_TEAM = 9DELG42W9Z;
				INFOPLIST_FILE = MotionTrackerTests/Info.plist;
				LD_RUNPATH_SEARCH_PATHS = "$(inherited) @executable_path/Frameworks @loader_path/Frameworks";
				PRODUCT_BUNDLE_IDENTIFIER = joyhsu.MotionTrackerTests;
				PRODUCT_NAME = "$(TARGET_NAME)";
				SWIFT_VERSION = 3.0;
				TEST_HOST = "$(BUILT_PRODUCTS_DIR)/MotionTracker.app/MotionTracker";
			};
			name = Debug;
		};
		AD61D0AC1E973CEA006F2F63 /* Release */ = {
			isa = XCBuildConfiguration;
			baseConfigurationReference = F3000941C78E2AB81D30DC2F /* Pods-MotionTrackerTests.release.xcconfig */;
			buildSettings = {
				ALWAYS_EMBED_SWIFT_STANDARD_LIBRARIES = YES;
				BUNDLE_LOADER = "$(TEST_HOST)";
				DEVELOPMENT_TEAM = 9DELG42W9Z;
				INFOPLIST_FILE = MotionTrackerTests/Info.plist;
				LD_RUNPATH_SEARCH_PATHS = "$(inherited) @executable_path/Frameworks @loader_path/Frameworks";
				PRODUCT_BUNDLE_IDENTIFIER = joyhsu.MotionTrackerTests;
				PRODUCT_NAME = "$(TARGET_NAME)";
				SWIFT_VERSION = 3.0;
				TEST_HOST = "$(BUILT_PRODUCTS_DIR)/MotionTracker.app/MotionTracker";
			};
			name = Release;
		};
		AD61D0AE1E973CEA006F2F63 /* Debug */ = {
			isa = XCBuildConfiguration;
			baseConfigurationReference = 8507D92A2888F485153F6726 /* Pods-MotionTrackerUITests.debug.xcconfig */;
			buildSettings = {
				ALWAYS_EMBED_SWIFT_STANDARD_LIBRARIES = YES;
				DEVELOPMENT_TEAM = 9DELG42W9Z;
				INFOPLIST_FILE = MotionTrackerUITests/Info.plist;
				LD_RUNPATH_SEARCH_PATHS = "$(inherited) @executable_path/Frameworks @loader_path/Frameworks";
				PRODUCT_BUNDLE_IDENTIFIER = joyhsu.MotionTrackerUITests;
				PRODUCT_NAME = "$(TARGET_NAME)";
				SWIFT_VERSION = 3.0;
				TEST_TARGET_NAME = MotionTracker;
			};
			name = Debug;
		};
		AD61D0AF1E973CEA006F2F63 /* Release */ = {
			isa = XCBuildConfiguration;
			baseConfigurationReference = 528EF66B69C74B82ACFAAD92 /* Pods-MotionTrackerUITests.release.xcconfig */;
			buildSettings = {
				ALWAYS_EMBED_SWIFT_STANDARD_LIBRARIES = YES;
				DEVELOPMENT_TEAM = 9DELG42W9Z;
				INFOPLIST_FILE = MotionTrackerUITests/Info.plist;
				LD_RUNPATH_SEARCH_PATHS = "$(inherited) @executable_path/Frameworks @loader_path/Frameworks";
				PRODUCT_BUNDLE_IDENTIFIER = joyhsu.MotionTrackerUITests;
				PRODUCT_NAME = "$(TARGET_NAME)";
				SWIFT_VERSION = 3.0;
				TEST_TARGET_NAME = MotionTracker;
			};
			name = Release;
		};
/* End XCBuildConfiguration section */

/* Begin XCConfigurationList section */
		AD61D07A1E973CE9006F2F63 /* Build configuration list for PBXProject "MotionTracker" */ = {
			isa = XCConfigurationList;
			buildConfigurations = (
				AD61D0A51E973CEA006F2F63 /* Debug */,
				AD61D0A61E973CEA006F2F63 /* Release */,
			);
			defaultConfigurationIsVisible = 0;
			defaultConfigurationName = Release;
		};
		AD61D0A71E973CEA006F2F63 /* Build configuration list for PBXNativeTarget "MotionTracker" */ = {
			isa = XCConfigurationList;
			buildConfigurations = (
				AD61D0A81E973CEA006F2F63 /* Debug */,
				AD61D0A91E973CEA006F2F63 /* Release */,
			);
			defaultConfigurationIsVisible = 0;
			defaultConfigurationName = Release;
		};
		AD61D0AA1E973CEA006F2F63 /* Build configuration list for PBXNativeTarget "MotionTrackerTests" */ = {
			isa = XCConfigurationList;
			buildConfigurations = (
				AD61D0AB1E973CEA006F2F63 /* Debug */,
				AD61D0AC1E973CEA006F2F63 /* Release */,
			);
			defaultConfigurationIsVisible = 0;
			defaultConfigurationName = Release;
		};
		AD61D0AD1E973CEA006F2F63 /* Build configuration list for PBXNativeTarget "MotionTrackerUITests" */ = {
			isa = XCConfigurationList;
			buildConfigurations = (
				AD61D0AE1E973CEA006F2F63 /* Debug */,
				AD61D0AF1E973CEA006F2F63 /* Release */,
			);
			defaultConfigurationIsVisible = 0;
			defaultConfigurationName = Release;
		};
/* End XCConfigurationList section */
	};
	rootObject = AD61D0771E973CE9006F2F63 /* Project object */;
}
